// !$*UTF8*$!
{
	archiveVersion = 1;
	classes = {
	};
	objectVersion = 46;
	objects = {

/* Begin PBXBuildFile section */
		AF94C3111A919C5E00DAB3B2 /* main.m in Sources */ = {isa = PBXBuildFile; fileRef = AF94C3101A919C5E00DAB3B2 /* main.m */; };
		AF94C3141A919C5E00DAB3B2 /* AppDelegate.m in Sources */ = {isa = PBXBuildFile; fileRef = AF94C3131A919C5E00DAB3B2 /* AppDelegate.m */; };
		AF94C3171A919C5E00DAB3B2 /* MasterViewController.m in Sources */ = {isa = PBXBuildFile; fileRef = AF94C3161A919C5E00DAB3B2 /* MasterViewController.m */; };
		AF94C31A1A919C5E00DAB3B2 /* DetailViewController.m in Sources */ = {isa = PBXBuildFile; fileRef = AF94C3191A919C5E00DAB3B2 /* DetailViewController.m */; };
		AF94C31D1A919C5E00DAB3B2 /* Main.storyboard in Resources */ = {isa = PBXBuildFile; fileRef = AF94C31B1A919C5E00DAB3B2 /* Main.storyboard */; };
		AF94C31F1A919C5E00DAB3B2 /* Images.xcassets in Resources */ = {isa = PBXBuildFile; fileRef = AF94C31E1A919C5E00DAB3B2 /* Images.xcassets */; };
		AF94C3221A919C5E00DAB3B2 /* LaunchScreen.xib in Resources */ = {isa = PBXBuildFile; fileRef = AF94C3201A919C5E00DAB3B2 /* LaunchScreen.xib */; };
		AF94C32E1A919C5E00DAB3B2 /* W6D1_CloudKitTests.m in Sources */ = {isa = PBXBuildFile; fileRef = AF94C32D1A919C5E00DAB3B2 /* W6D1_CloudKitTests.m */; };
/* End PBXBuildFile section */

/* Begin PBXContainerItemProxy section */
		AF94C3281A919C5E00DAB3B2 /* PBXContainerItemProxy */ = {
			isa = PBXContainerItemProxy;
			containerPortal = AF94C3031A919C5D00DAB3B2 /* Project object */;
			proxyType = 1;
			remoteGlobalIDString = AF94C30A1A919C5D00DAB3B2;
			remoteInfo = "W6D1-CloudKit";
		};
/* End PBXContainerItemProxy section */

/* Begin PBXFileReference section */
		AF94C30B1A919C5E00DAB3B2 /* W6D1-CloudKit.app */ = {isa = PBXFileReference; explicitFileType = wrapper.application; includeInIndex = 0; path = "W6D1-CloudKit.app"; sourceTree = BUILT_PRODUCTS_DIR; };
		AF94C30F1A919C5E00DAB3B2 /* Info.plist */ = {isa = PBXFileReference; lastKnownFileType = text.plist.xml; path = Info.plist; sourceTree = "<group>"; };
		AF94C3101A919C5E00DAB3B2 /* main.m */ = {isa = PBXFileReference; lastKnownFileType = sourcecode.c.objc; path = main.m; sourceTree = "<group>"; };
		AF94C3121A919C5E00DAB3B2 /* AppDelegate.h */ = {isa = PBXFileReference; lastKnownFileType = sourcecode.c.h; path = AppDelegate.h; sourceTree = "<group>"; };
		AF94C3131A919C5E00DAB3B2 /* AppDelegate.m */ = {isa = PBXFileReference; lastKnownFileType = sourcecode.c.objc; path = AppDelegate.m; sourceTree = "<group>"; };
		AF94C3151A919C5E00DAB3B2 /* MasterViewController.h */ = {isa = PBXFileReference; lastKnownFileType = sourcecode.c.h; path = MasterViewController.h; sourceTree = "<group>"; };
		AF94C3161A919C5E00DAB3B2 /* MasterViewController.m */ = {isa = PBXFileReference; lastKnownFileType = sourcecode.c.objc; path = MasterViewController.m; sourceTree = "<group>"; };
		AF94C3181A919C5E00DAB3B2 /* DetailViewController.h */ = {isa = PBXFileReference; lastKnownFileType = sourcecode.c.h; path = DetailViewController.h; sourceTree = "<group>"; };
		AF94C3191A919C5E00DAB3B2 /* DetailViewController.m */ = {isa = PBXFileReference; lastKnownFileType = sourcecode.c.objc; path = DetailViewController.m; sourceTree = "<group>"; };
		AF94C31C1A919C5E00DAB3B2 /* Base */ = {isa = PBXFileReference; lastKnownFileType = file.storyboard; name = Base; path = Base.lproj/Main.storyboard; sourceTree = "<group>"; };
		AF94C31E1A919C5E00DAB3B2 /* Images.xcassets */ = {isa = PBXFileReference; lastKnownFileType = folder.assetcatalog; path = Images.xcassets; sourceTree = "<group>"; };
		AF94C3211A919C5E00DAB3B2 /* Base */ = {isa = PBXFileReference; lastKnownFileType = file.xib; name = Base; path = Base.lproj/LaunchScreen.xib; sourceTree = "<group>"; };
		AF94C3271A919C5E00DAB3B2 /* W6D1-CloudKitTests.xctest */ = {isa = PBXFileReference; explicitFileType = wrapper.cfbundle; includeInIndex = 0; path = "W6D1-CloudKitTests.xctest"; sourceTree = BUILT_PRODUCTS_DIR; };
		AF94C32C1A919C5E00DAB3B2 /* Info.plist */ = {isa = PBXFileReference; lastKnownFileType = text.plist.xml; path = Info.plist; sourceTree = "<group>"; };
		AF94C32D1A919C5E00DAB3B2 /* W6D1_CloudKitTests.m */ = {isa = PBXFileReference; lastKnownFileType = sourcecode.c.objc; path = W6D1_CloudKitTests.m; sourceTree = "<group>"; };
/* End PBXFileReference section */

/* Begin PBXFrameworksBuildPhase section */
		AF94C3081A919C5D00DAB3B2 /* Frameworks */ = {
			isa = PBXFrameworksBuildPhase;
			buildActionMask = 2147483647;
			files = (
			);
			runOnlyForDeploymentPostprocessing = 0;
		};
		AF94C3241A919C5E00DAB3B2 /* Frameworks */ = {
			isa = PBXFrameworksBuildPhase;
			buildActionMask = 2147483647;
			files = (
			);
			runOnlyForDeploymentPostprocessing = 0;
		};
/* End PBXFrameworksBuildPhase section */

/* Begin PBXGroup section */
		AF94C3021A919C5D00DAB3B2 = {
			isa = PBXGroup;
			children = (
				AF94C30D1A919C5E00DAB3B2 /* W6D1-CloudKit */,
				AF94C32A1A919C5E00DAB3B2 /* W6D1-CloudKitTests */,
				AF94C30C1A919C5E00DAB3B2 /* Products */,
			);
			sourceTree = "<group>";
		};
		AF94C30C1A919C5E00DAB3B2 /* Products */ = {
			isa = PBXGroup;
			children = (
				AF94C30B1A919C5E00DAB3B2 /* W6D1-CloudKit.app */,
				AF94C3271A919C5E00DAB3B2 /* W6D1-CloudKitTests.xctest */,
			);
			name = Products;
			sourceTree = "<group>";
		};
		AF94C30D1A919C5E00DAB3B2 /* W6D1-CloudKit */ = {
			isa = PBXGroup;
			children = (
				AF94C3121A919C5E00DAB3B2 /* AppDelegate.h */,
				AF94C3131A919C5E00DAB3B2 /* AppDelegate.m */,
				AF94C3151A919C5E00DAB3B2 /* MasterViewController.h */,
				AF94C3161A919C5E00DAB3B2 /* MasterViewController.m */,
				AF94C3181A919C5E00DAB3B2 /* DetailViewController.h */,
				AF94C3191A919C5E00DAB3B2 /* DetailViewController.m */,
				AF94C31B1A919C5E00DAB3B2 /* Main.storyboard */,
				AF94C31E1A919C5E00DAB3B2 /* Images.xcassets */,
				AF94C3201A919C5E00DAB3B2 /* LaunchScreen.xib */,
				AF94C30E1A919C5E00DAB3B2 /* Supporting Files */,
			);
			path = "W6D1-CloudKit";
			sourceTree = "<group>";
		};
		AF94C30E1A919C5E00DAB3B2 /* Supporting Files */ = {
			isa = PBXGroup;
			children = (
				AF94C30F1A919C5E00DAB3B2 /* Info.plist */,
				AF94C3101A919C5E00DAB3B2 /* main.m */,
			);
			name = "Supporting Files";
			sourceTree = "<group>";
		};
		AF94C32A1A919C5E00DAB3B2 /* W6D1-CloudKitTests */ = {
			isa = PBXGroup;
			children = (
				AF94C32D1A919C5E00DAB3B2 /* W6D1_CloudKitTests.m */,
				AF94C32B1A919C5E00DAB3B2 /* Supporting Files */,
			);
			path = "W6D1-CloudKitTests";
			sourceTree = "<group>";
		};
		AF94C32B1A919C5E00DAB3B2 /* Supporting Files */ = {
			isa = PBXGroup;
			children = (
				AF94C32C1A919C5E00DAB3B2 /* Info.plist */,
			);
			name = "Supporting Files";
			sourceTree = "<group>";
		};
/* End PBXGroup section */

/* Begin PBXNativeTarget section */
		AF94C30A1A919C5D00DAB3B2 /* W6D1-CloudKit */ = {
			isa = PBXNativeTarget;
			buildConfigurationList = AF94C3311A919C5E00DAB3B2 /* Build configuration list for PBXNativeTarget "W6D1-CloudKit" */;
			buildPhases = (
				AF94C3071A919C5D00DAB3B2 /* Sources */,
				AF94C3081A919C5D00DAB3B2 /* Frameworks */,
				AF94C3091A919C5D00DAB3B2 /* Resources */,
			);
			buildRules = (
			);
			dependencies = (
			);
			name = "W6D1-CloudKit";
			productName = "W6D1-CloudKit";
			productReference = AF94C30B1A919C5E00DAB3B2 /* W6D1-CloudKit.app */;
			productType = "com.apple.product-type.application";
		};
		AF94C3261A919C5E00DAB3B2 /* W6D1-CloudKitTests */ = {
			isa = PBXNativeTarget;
			buildConfigurationList = AF94C3341A919C5E00DAB3B2 /* Build configuration list for PBXNativeTarget "W6D1-CloudKitTests" */;
			buildPhases = (
				AF94C3231A919C5E00DAB3B2 /* Sources */,
				AF94C3241A919C5E00DAB3B2 /* Frameworks */,
				AF94C3251A919C5E00DAB3B2 /* Resources */,
			);
			buildRules = (
			);
			dependencies = (
				AF94C3291A919C5E00DAB3B2 /* PBXTargetDependency */,
			);
			name = "W6D1-CloudKitTests";
			productName = "W6D1-CloudKitTests";
			productReference = AF94C3271A919C5E00DAB3B2 /* W6D1-CloudKitTests.xctest */;
			productType = "com.apple.product-type.bundle.unit-test";
		};
/* End PBXNativeTarget section */

/* Begin PBXProject section */
		AF94C3031A919C5D00DAB3B2 /* Project object */ = {
			isa = PBXProject;
			attributes = {
				LastUpgradeCheck = 0610;
				ORGANIZATIONNAME = "com.lighthouse-labs";
				TargetAttributes = {
					AF94C30A1A919C5D00DAB3B2 = {
						CreatedOnToolsVersion = 6.1.1;
					};
					AF94C3261A919C5E00DAB3B2 = {
						CreatedOnToolsVersion = 6.1.1;
						TestTargetID = AF94C30A1A919C5D00DAB3B2;
					};
				};
			};
			buildConfigurationList = AF94C3061A919C5D00DAB3B2 /* Build configuration list for PBXProject "W6D1-CloudKit" */;
			compatibilityVersion = "Xcode 3.2";
			developmentRegion = English;
			hasScannedForEncodings = 0;
			knownRegions = (
				en,
				Base,
			);
			mainGroup = AF94C3021A919C5D00DAB3B2;
			productRefGroup = AF94C30C1A919C5E00DAB3B2 /* Products */;
			projectDirPath = "";
			projectRoot = "";
			targets = (
				AF94C30A1A919C5D00DAB3B2 /* W6D1-CloudKit */,
				AF94C3261A919C5E00DAB3B2 /* W6D1-CloudKitTests */,
			);
		};
/* End PBXProject section */

/* Begin PBXResourcesBuildPhase section */
		AF94C3091A919C5D00DAB3B2 /* Resources */ = {
			isa = PBXResourcesBuildPhase;
			buildActionMask = 2147483647;
			files = (
				AF94C31D1A919C5E00DAB3B2 /* Main.storyboard in Resources */,
				AF94C3221A919C5E00DAB3B2 /* LaunchScreen.xib in Resources */,
				AF94C31F1A919C5E00DAB3B2 /* Images.xcassets in Resources */,
			);
			runOnlyForDeploymentPostprocessing = 0;
		};
		AF94C3251A919C5E00DAB3B2 /* Resources */ = {
			isa = PBXResourcesBuildPhase;
			buildActionMask = 2147483647;
			files = (
			);
			runOnlyForDeploymentPostprocessing = 0;
		};
/* End PBXResourcesBuildPhase section */

/* Begin PBXSourcesBuildPhase section */
		AF94C3071A919C5D00DAB3B2 /* Sources */ = {
			isa = PBXSourcesBuildPhase;
			buildActionMask = 2147483647;
			files = (
				AF94C3141A919C5E00DAB3B2 /* AppDelegate.m in Sources */,
				AF94C3171A919C5E00DAB3B2 /* MasterViewController.m in Sources */,
				AF94C3111A919C5E00DAB3B2 /* main.m in Sources */,
				AF94C31A1A919C5E00DAB3B2 /* DetailViewController.m in Sources */,
			);
			runOnlyForDeploymentPostprocessing = 0;
		};
		AF94C3231A919C5E00DAB3B2 /* Sources */ = {
			isa = PBXSourcesBuildPhase;
			buildActionMask = 2147483647;
			files = (
				AF94C32E1A919C5E00DAB3B2 /* W6D1_CloudKitTests.m in Sources */,
			);
			runOnlyForDeploymentPostprocessing = 0;
		};
/* End PBXSourcesBuildPhase section */

/* Begin PBXTargetDependency section */
		AF94C3291A919C5E00DAB3B2 /* PBXTargetDependency */ = {
			isa = PBXTargetDependency;
			target = AF94C30A1A919C5D00DAB3B2 /* W6D1-CloudKit */;
			targetProxy = AF94C3281A919C5E00DAB3B2 /* PBXContainerItemProxy */;
		};
/* End PBXTargetDependency section */

/* Begin PBXVariantGroup section */
		AF94C31B1A919C5E00DAB3B2 /* Main.storyboard */ = {
			isa = PBXVariantGroup;
			children = (
				AF94C31C1A919C5E00DAB3B2 /* Base */,
			);
			name = Main.storyboard;
			sourceTree = "<group>";
		};
		AF94C3201A919C5E00DAB3B2 /* LaunchScreen.xib */ = {
			isa = PBXVariantGroup;
			children = (
				AF94C3211A919C5E00DAB3B2 /* Base */,
			);
			name = LaunchScreen.xib;
			sourceTree = "<group>";
		};
/* End PBXVariantGroup section */

/* Begin XCBuildConfiguration section */
		AF94C32F1A919C5E00DAB3B2 /* Debug */ = {
			isa = XCBuildConfiguration;
			buildSettings = {
				ALWAYS_SEARCH_USER_PATHS = NO;
				CLANG_CXX_LANGUAGE_STANDARD = "gnu++0x";
				CLANG_CXX_LIBRARY = "libc++";
				CLANG_ENABLE_MODULES = YES;
				CLANG_ENABLE_OBJC_ARC = YES;
				CLANG_WARN_BOOL_CONVERSION = YES;
				CLANG_WARN_CONSTANT_CONVERSION = YES;
				CLANG_WARN_DIRECT_OBJC_ISA_USAGE = YES_ERROR;
				CLANG_WARN_EMPTY_BODY = YES;
				CLANG_WARN_ENUM_CONVERSION = YES;
				CLANG_WARN_INT_CONVERSION = YES;
				CLANG_WARN_OBJC_ROOT_CLASS = YES_ERROR;
				CLANG_WARN_UNREACHABLE_CODE = YES;
				CLANG_WARN__DUPLICATE_METHOD_MATCH = YES;
				"CODE_SIGN_IDENTITY[sdk=iphoneos*]" = "iPhone Developer";
				COPY_PHASE_STRIP = NO;
				ENABLE_STRICT_OBJC_MSGSEND = YES;
				GCC_C_LANGUAGE_STANDARD = gnu99;
				GCC_DYNAMIC_NO_PIC = NO;
				GCC_OPTIMIZATION_LEVEL = 0;
				GCC_PREPROCESSOR_DEFINITIONS = (
					"DEBUG=1",
					"$(inherited)",
				);
				GCC_SYMBOLS_PRIVATE_EXTERN = NO;
				GCC_WARN_64_TO_32_BIT_CONVERSION = YES;
				GCC_WARN_ABOUT_RETURN_TYPE = YES_ERROR;
				GCC_WARN_UNDECLARED_SELECTOR = YES;
				GCC_WARN_UNINITIALIZED_AUTOS = YES_AGGRESSIVE;
				GCC_WARN_UNUSED_FUNCTION = YES;
				GCC_WARN_UNUSED_VARIABLE = YES;
				IPHONEOS_DEPLOYMENT_TARGET = 8.1;
				MTL_ENABLE_DEBUG_INFO = YES;
				ONLY_ACTIVE_ARCH = YES;
				SDKROOT = iphoneos;
			};
			name = Debug;
		};
		AF94C3301A919C5E00DAB3B2 /* Release */ = {
			isa = XCBuildConfiguration;
			buildSettings = {
				ALWAYS_SEARCH_USER_PATHS = NO;
				CLANG_CXX_LANGUAGE_STANDARD = "gnu++0x";
				CLANG_CXX_LIBRARY = "libc++";
				CLANG_ENABLE_MODULES = YES;
				CLANG_ENABLE_OBJC_ARC = YES;
				CLANG_WARN_BOOL_CONVERSION = YES;
				CLANG_WARN_CONSTANT_CONVERSION = YES;
				CLANG_WARN_DIRECT_OBJC_ISA_USAGE = YES_ERROR;
				CLANG_WARN_EMPTY_BODY = YES;
				CLANG_WARN_ENUM_CONVERSION = YES;
				CLANG_WARN_INT_CONVERSION = YES;
				CLANG_WARN_OBJC_ROOT_CLASS = YES_ERROR;
				CLANG_WARN_UNREACHABLE_CODE = YES;
				CLANG_WARN__DUPLICATE_METHOD_MATCH = YES;
				"CODE_SIGN_IDENTITY[sdk=iphoneos*]" = "iPhone Developer";
				COPY_PHASE_STRIP = YES;
				ENABLE_NS_ASSERTIONS = NO;
				ENABLE_STRICT_OBJC_MSGSEND = YES;
				GCC_C_LANGUAGE_STANDARD = gnu99;
				GCC_WARN_64_TO_32_BIT_CONVERSION = YES;
				GCC_WARN_ABOUT_RETURN_TYPE = YES_ERROR;
				GCC_WARN_UNDECLARED_SELECTOR = YES;
				GCC_WARN_UNINITIALIZED_AUTOS = YES_AGGRESSIVE;
				GCC_WARN_UNUSED_FUNCTION = YES;
				GCC_WARN_UNUSED_VARIABLE = YES;
				IPHONEOS_DEPLOYMENT_TARGET = 8.1;
				MTL_ENABLE_DEBUG_INFO = NO;
				SDKROOT = iphoneos;
				VALIDATE_PRODUCT = YES;
			};
			name = Release;
		};
		AF94C3321A919C5E00DAB3B2 /* Debug */ = {
			isa = XCBuildConfiguration;
			buildSettings = {
				ASSETCATALOG_COMPILER_APPICON_NAME = AppIcon;
				INFOPLIST_FILE = "W6D1-CloudKit/Info.plist";
				LD_RUNPATH_SEARCH_PATHS = "$(inherited) @executable_path/Frameworks";
				PRODUCT_NAME = "$(TARGET_NAME)";
			};
			name = Debug;
		};
		AF94C3331A919C5E00DAB3B2 /* Release */ = {
			isa = XCBuildConfiguration;
			buildSettings = {
				ASSETCATALOG_COMPILER_APPICON_NAME = AppIcon;
				INFOPLIST_FILE = "W6D1-CloudKit/Info.plist";
				LD_RUNPATH_SEARCH_PATHS = "$(inherited) @executable_path/Frameworks";
				PRODUCT_NAME = "$(TARGET_NAME)";
			};
			name = Release;
		};
		AF94C3351A919C5E00DAB3B2 /* Debug */ = {
			isa = XCBuildConfiguration;
			buildSettings = {
				BUNDLE_LOADER = "$(TEST_HOST)";
				FRAMEWORK_SEARCH_PATHS = (
					"$(SDKROOT)/Developer/Library/Frameworks",
					"$(inherited)",
				);
				GCC_PREPROCESSOR_DEFINITIONS = (
					"DEBUG=1",
					"$(inherited)",
				);
				INFOPLIST_FILE = "W6D1-CloudKitTests/Info.plist";
				LD_RUNPATH_SEARCH_PATHS = "$(inherited) @executable_path/Frameworks @loader_path/Frameworks";
				PRODUCT_NAME = "$(TARGET_NAME)";
				TEST_HOST = "$(BUILT_PRODUCTS_DIR)/W6D1-CloudKit.app/W6D1-CloudKit";
			};
			name = Debug;
		};
		AF94C3361A919C5E00DAB3B2 /* Release */ = {
			isa = XCBuildConfiguration;
			buildSettings = {
				BUNDLE_LOADER = "$(TEST_HOST)";
				FRAMEWORK_SEARCH_PATHS = (
					"$(SDKROOT)/Developer/Library/Frameworks",
					"$(inherited)",
				);
				INFOPLIST_FILE = "W6D1-CloudKitTests/Info.plist";
				LD_RUNPATH_SEARCH_PATHS = "$(inherited) @executable_path/Frameworks @loader_path/Frameworks";
				PRODUCT_NAME = "$(TARGET_NAME)";
				TEST_HOST = "$(BUILT_PRODUCTS_DIR)/W6D1-CloudKit.app/W6D1-CloudKit";
			};
			name = Release;
		};
/* End XCBuildConfiguration section */

/* Begin XCConfigurationList section */
		AF94C3061A919C5D00DAB3B2 /* Build configuration list for PBXProject "W6D1-CloudKit" */ = {
			isa = XCConfigurationList;
			buildConfigurations = (
				AF94C32F1A919C5E00DAB3B2 /* Debug */,
				AF94C3301A919C5E00DAB3B2 /* Release */,
			);
			defaultConfigurationIsVisible = 0;
			defaultConfigurationName = Release;
		};
		AF94C3311A919C5E00DAB3B2 /* Build configuration list for PBXNativeTarget "W6D1-CloudKit" */ = {
			isa = XCConfigurationList;
			buildConfigurations = (
				AF94C3321A919C5E00DAB3B2 /* Debug */,
				AF94C3331A919C5E00DAB3B2 /* Release */,
			);
			defaultConfigurationIsVisible = 0;
		};
		AF94C3341A919C5E00DAB3B2 /* Build configuration list for PBXNativeTarget "W6D1-CloudKitTests" */ = {
			isa = XCConfigurationList;
			buildConfigurations = (
				AF94C3351A919C5E00DAB3B2 /* Debug */,
				AF94C3361A919C5E00DAB3B2 /* Release */,
			);
			defaultConfigurationIsVisible = 0;
		};
/* End XCConfigurationList section */
	};
	rootObject = AF94C3031A919C5D00DAB3B2 /* Project object */;
}
